
Microsoft Visual Studio Solution File, Format Version 12.00
# Visual Studio 15
VisualStudioVersion = 15.0.26430.16
MinimumVisualStudioVersion = 10.0.40219.1
Project("{FAE04EC0-301F-11D3-BF4B-00C04F79EFBC}") = "FlowSharp", "FlowSharp.csproj", "{98E63D19-3D7A-4CB1-8EA9-31173D4BE05F}"
EndProject
Project("{FAE04EC0-301F-11D3-BF4B-00C04F79EFBC}") = "FlowSharpLib", "FlowSharpLib\FlowSharpLib.csproj", "{07F65CA7-B8D3-4716-BFBF-812EF4DA68BE}"
EndProject
Project("{FAE04EC0-301F-11D3-BF4B-00C04F79EFBC}") = "PluginExample", "Plugins\PluginExample\PluginExample.csproj", "{DF4BC6E3-E126-4A81-A1F1-79C4F6C6E784}"
EndProject
Project("{2150E333-8FDC-42A3-9474-1A3956D46DE8}") = "Services", "Services", "{A6598DE7-6C8A-46CE-9E33-A4540E8F82D0}"
EndProject
Project("{FAE04EC0-301F-11D3-BF4B-00C04F79EFBC}") = "FlowSharpCanvasService", "Services\FlowSharpCanvasService\FlowSharpCanvasService.csproj", "{8072DC59-F5DE-46C3-98A2-E483484B253C}"
EndProject
Project("{FAE04EC0-301F-11D3-BF4B-00C04F79EFBC}") = "FlowSharpToolboxService", "Services\FlowSharpToolboxService\FlowSharpToolboxService.csproj", "{AAE37A5E-07FE-4CDB-B4D4-A176213FCE2B}"
EndProject
Project("{FAE04EC0-301F-11D3-BF4B-00C04F79EFBC}") = "FlowSharpPropertyGridService", "Services\FlowSharpPropertyGridService\FlowSharpPropertyGridService.csproj", "{AD2B1B25-B4F5-4EAE-867E-636C58AF0F57}"
EndProject
Project("{FAE04EC0-301F-11D3-BF4B-00C04F79EFBC}") = "FlowSharpServiceInterfaces", "Services\FlowSharpServiceInterfaces\FlowSharpServiceInterfaces.csproj", "{CAA4FD23-1392-4DEE-907A-CB3DC7315A98}"
EndProject
Project("{FAE04EC0-301F-11D3-BF4B-00C04F79EFBC}") = "FlowSharpMouseControllerService", "Services\FlowSharpMouseControllerService\FlowSharpMouseControllerService.csproj", "{51BAE79C-A873-4885-A39E-70D66155F78D}"
EndProject
Project("{FAE04EC0-301F-11D3-BF4B-00C04F79EFBC}") = "FlowSharpMenuService", "Services\FlowSharpMenuService\FlowSharpMenuService.csproj", "{4143C634-39F8-4143-98BA-5F20E533D7AF}"
EndProject
Project("{FAE04EC0-301F-11D3-BF4B-00C04F79EFBC}") = "FlowSharpEditService", "Services\FlowSharpEditService\FlowSharpEditService.csproj", "{0D8CE8A3-CD6C-4905-A9BD-B7AE36A7B053}"
EndProject
Project("{FAE04EC0-301F-11D3-BF4B-00C04F79EFBC}") = "FlowSharpDebugWindowService", "Services\FlowSharpDebugWindowService\FlowSharpDebugWindowService.csproj", "{EF3A8598-238B-4B29-9D77-79CD805CD0E7}"
EndProject
Project("{2150E333-8FDC-42A3-9474-1A3956D46DE8}") = "FlowSharpCodeServices", "FlowSharpCodeServices", "{754EFFFE-0D82-49BB-9361-A3A30BD4761E}"
EndProject
Project("{FAE04EC0-301F-11D3-BF4B-00C04F79EFBC}") = "FlowSharpCodeICSharpDevelopService", "Services\FlowSharpCodeServices\FlowSharpCodeICSharpDevelopService\FlowSharpCodeICSharpDevelopService.csproj", "{0F9D2405-725F-4859-AB13-75DFAFA6BA35}"
EndProject
Project("{FAE04EC0-301F-11D3-BF4B-00C04F79EFBC}") = "FlowSharpCodeServiceInterfaces", "Services\FlowSharpCodeServices\FlowSharpCodeServiceInterfaces\FlowSharpCodeServiceInterfaces.csproj", "{F8D75CFD-FB07-4A09-97D6-0AC3871AA35A}"
EndProject
Project("{FAE04EC0-301F-11D3-BF4B-00C04F79EFBC}") = "FlowSharpService", "Services\FlowSharpService\FlowSharpService.csproj", "{D6DFD9F7-45FF-45D9-8D45-EE5259441FBF}"
EndProject
Project("{FAE04EC0-301F-11D3-BF4B-00C04F79EFBC}") = "FlowSharpCodeService", "Services\FlowSharpCodeServices\FlowSharpCodeService\FlowSharpCodeService.csproj", "{D11163A6-8F20-4B74-9627-02831D1DF1B2}"
EndProject
Project("{FAE04EC0-301F-11D3-BF4B-00C04F79EFBC}") = "FlowSharpCodeShapes", "Services\FlowSharpCodeServices\FlowSharpCodeShapes\FlowSharpCodeShapes.csproj", "{EF1BB007-E326-4305-94F0-C4A589FDB08A}"
EndProject
Project("{FAE04EC0-301F-11D3-BF4B-00C04F79EFBC}") = "FlowSharpCodeShapeInterfaces", "Services\FlowSharpCodeServices\FlowSharpCodeShapeInterfaces\FlowSharpCodeShapeInterfaces.csproj", "{8C7D37D1-F9D9-4633-B863-EAC44B9DD999}"
EndProject
Project("{FAE04EC0-301F-11D3-BF4B-00C04F79EFBC}") = "FlowSharpCodeCompilerService", "Services\FlowSharpCodeServices\FlowSharpCodeCompilerService\FlowSharpCodeCompilerService.csproj", "{91FCF1D4-91E0-41FA-A675-C3174F131104}"
EndProject
Project("{FAE04EC0-301F-11D3-BF4B-00C04F79EFBC}") = "FlowSharpRestService", "Services\FlowSharpRestService\FlowSharpRestService.csproj", "{51D2B194-CFFC-4905-8F06-90F1A0000DF2}"
EndProject
Project("{FAE04EC0-301F-11D3-BF4B-00C04F79EFBC}") = "FlowSharpWindowsControlShapes", "Plugins\FlowSharpWindowsControlShapes\FlowSharpWindowsControlShapes.csproj", "{F41CB0C7-B2A0-48A7-85EE-874913598A6A}"
EndProject
Project("{FAE04EC0-301F-11D3-BF4B-00C04F79EFBC}") = "FlowSharpWebSocketService", "Services\FlowSharpWebSocketService\FlowSharpWebSocketService.csproj", "{3548AF21-B8CB-4C45-88B6-80FAD43EB561}"
EndProject
Project("{FAE04EC0-301F-11D3-BF4B-00C04F79EFBC}") = "FlowSharpCodeOutputWindowService", "Services\FlowSharpCodeServices\FlowSharpCodeOutputWindowService\FlowSharpCodeOutputWindowService.csproj", "{5FA0C1A5-BDE5-41FB-B031-EB8285FC549B}"
EndProject
Project("{FAE04EC0-301F-11D3-BF4B-00C04F79EFBC}") = "FlowSharpCodeScintillaEditorService", "Services\FlowSharpCodeServices\FlowSharpCodeScintillaEditorService\FlowSharpCodeScintillaEditorService.csproj", "{3452537D-7FA0-4916-BAA9-B4985F11581E}"
EndProject
Project("{FAE04EC0-301F-11D3-BF4B-00C04F79EFBC}") = "FlowSharpCodePythonCompilerService", "Services\FlowSharpCodeServices\FlowSharpCodePythonCompilerService\FlowSharpCodePythonCompilerService.csproj", "{526A7092-2EE6-49A6-BEEE-2C22F1E7CDCE}"
EndProject
Project("{FAE04EC0-301F-11D3-BF4B-00C04F79EFBC}") = "FlowSharpCodeDrakonShapes", "Services\FlowSharpCodeServices\FlowSharpCodeDrakonShapes\FlowSharpCodeDrakonShapes.csproj", "{82DE83B7-6A8E-4BCB-8B12-5E80E30DDBAD}"
EndProject
Project("{2150E333-8FDC-42A3-9474-1A3956D46DE8}") = "FS-HOPE", "FS-HOPE", "{390FD219-6696-4F18-BFEE-8FDBBB15233A}"
EndProject
Project("{FAE04EC0-301F-11D3-BF4B-00C04F79EFBC}") = "FlowSharpClient", "FlowSharpClient\FlowSharpClient.csproj", "{31890A66-32AD-4D5F-A5A3-F9976996111C}"
EndProject
Project("{FAE04EC0-301F-11D3-BF4B-00C04F79EFBC}") = "FsHopeLib", "FS-HOPE\FsHopeLib\FsHopeLib.csproj", "{032B8E55-9233-47B6-BD67-4A4ECE158039}"
EndProject
Project("{FAE04EC0-301F-11D3-BF4B-00C04F79EFBC}") = "FlowSharpHopeService", "FS-HOPE\FlowSharpHopeService\FlowSharpHopeService.csproj", "{85BE4C98-F377-4E78-B3EF-01C675A25DB8}"
EndProject
Project("{FAE04EC0-301F-11D3-BF4B-00C04F79EFBC}") = "FlowSharpHopeServiceInterfaces", "FS-HOPE\FlowSharpHopeServiceInterfaces\FlowSharpHopeServiceInterfaces.csproj", "{5484797E-7B0E-40AC-962B-185073672E7C}"
EndProject
Project("{FAE04EC0-301F-11D3-BF4B-00C04F79EFBC}") = "HopeShapes", "FS-HOPE\HopeShapes\HopeShapes.csproj", "{D2031348-E8A6-4895-A4B8-A7F6093BE054}"
EndProject
Project("{FAE04EC0-301F-11D3-BF4B-00C04F79EFBC}") = "FlowSharpHopeShapeInterfaces", "FS-HOPE\FlowSharpHopeShapeInterfaces\FlowSharpHopeShapeInterfaces.csproj", "{087E600F-F5A4-430F-97A9-94E5F52673F8}"
EndProject
Global
	GlobalSection(SolutionConfigurationPlatforms) = preSolution
		Debug|Any CPU = Debug|Any CPU
		Release|Any CPU = Release|Any CPU
	EndGlobalSection
	GlobalSection(ProjectConfigurationPlatforms) = postSolution
		{98E63D19-3D7A-4CB1-8EA9-31173D4BE05F}.Debug|Any CPU.ActiveCfg = Debug|Any CPU
		{98E63D19-3D7A-4CB1-8EA9-31173D4BE05F}.Debug|Any CPU.Build.0 = Debug|Any CPU
		{98E63D19-3D7A-4CB1-8EA9-31173D4BE05F}.Release|Any CPU.ActiveCfg = Release|Any CPU
		{98E63D19-3D7A-4CB1-8EA9-31173D4BE05F}.Release|Any CPU.Build.0 = Release|Any CPU
		{07F65CA7-B8D3-4716-BFBF-812EF4DA68BE}.Debug|Any CPU.ActiveCfg = Debug|Any CPU
		{07F65CA7-B8D3-4716-BFBF-812EF4DA68BE}.Debug|Any CPU.Build.0 = Debug|Any CPU
		{07F65CA7-B8D3-4716-BFBF-812EF4DA68BE}.Release|Any CPU.ActiveCfg = Release|Any CPU
		{07F65CA7-B8D3-4716-BFBF-812EF4DA68BE}.Release|Any CPU.Build.0 = Release|Any CPU
		{DF4BC6E3-E126-4A81-A1F1-79C4F6C6E784}.Debug|Any CPU.ActiveCfg = Debug|Any CPU
		{DF4BC6E3-E126-4A81-A1F1-79C4F6C6E784}.Debug|Any CPU.Build.0 = Debug|Any CPU
		{DF4BC6E3-E126-4A81-A1F1-79C4F6C6E784}.Release|Any CPU.ActiveCfg = Release|Any CPU
		{DF4BC6E3-E126-4A81-A1F1-79C4F6C6E784}.Release|Any CPU.Build.0 = Release|Any CPU
		{8072DC59-F5DE-46C3-98A2-E483484B253C}.Debug|Any CPU.ActiveCfg = Debug|Any CPU
		{8072DC59-F5DE-46C3-98A2-E483484B253C}.Debug|Any CPU.Build.0 = Debug|Any CPU
		{8072DC59-F5DE-46C3-98A2-E483484B253C}.Release|Any CPU.ActiveCfg = Release|Any CPU
		{8072DC59-F5DE-46C3-98A2-E483484B253C}.Release|Any CPU.Build.0 = Release|Any CPU
		{AAE37A5E-07FE-4CDB-B4D4-A176213FCE2B}.Debug|Any CPU.ActiveCfg = Debug|Any CPU
		{AAE37A5E-07FE-4CDB-B4D4-A176213FCE2B}.Debug|Any CPU.Build.0 = Debug|Any CPU
		{AAE37A5E-07FE-4CDB-B4D4-A176213FCE2B}.Release|Any CPU.ActiveCfg = Release|Any CPU
		{AAE37A5E-07FE-4CDB-B4D4-A176213FCE2B}.Release|Any CPU.Build.0 = Release|Any CPU
		{AD2B1B25-B4F5-4EAE-867E-636C58AF0F57}.Debug|Any CPU.ActiveCfg = Debug|Any CPU
		{AD2B1B25-B4F5-4EAE-867E-636C58AF0F57}.Debug|Any CPU.Build.0 = Debug|Any CPU
		{AD2B1B25-B4F5-4EAE-867E-636C58AF0F57}.Release|Any CPU.ActiveCfg = Release|Any CPU
		{AD2B1B25-B4F5-4EAE-867E-636C58AF0F57}.Release|Any CPU.Build.0 = Release|Any CPU
		{CAA4FD23-1392-4DEE-907A-CB3DC7315A98}.Debug|Any CPU.ActiveCfg = Debug|Any CPU
		{CAA4FD23-1392-4DEE-907A-CB3DC7315A98}.Debug|Any CPU.Build.0 = Debug|Any CPU
		{CAA4FD23-1392-4DEE-907A-CB3DC7315A98}.Release|Any CPU.ActiveCfg = Release|Any CPU
		{CAA4FD23-1392-4DEE-907A-CB3DC7315A98}.Release|Any CPU.Build.0 = Release|Any CPU
		{51BAE79C-A873-4885-A39E-70D66155F78D}.Debug|Any CPU.ActiveCfg = Debug|Any CPU
		{51BAE79C-A873-4885-A39E-70D66155F78D}.Debug|Any CPU.Build.0 = Debug|Any CPU
		{51BAE79C-A873-4885-A39E-70D66155F78D}.Release|Any CPU.ActiveCfg = Release|Any CPU
		{51BAE79C-A873-4885-A39E-70D66155F78D}.Release|Any CPU.Build.0 = Release|Any CPU
		{4143C634-39F8-4143-98BA-5F20E533D7AF}.Debug|Any CPU.ActiveCfg = Debug|Any CPU
		{4143C634-39F8-4143-98BA-5F20E533D7AF}.Debug|Any CPU.Build.0 = Debug|Any CPU
		{4143C634-39F8-4143-98BA-5F20E533D7AF}.Release|Any CPU.ActiveCfg = Release|Any CPU
		{4143C634-39F8-4143-98BA-5F20E533D7AF}.Release|Any CPU.Build.0 = Release|Any CPU
		{0D8CE8A3-CD6C-4905-A9BD-B7AE36A7B053}.Debug|Any CPU.ActiveCfg = Debug|Any CPU
		{0D8CE8A3-CD6C-4905-A9BD-B7AE36A7B053}.Debug|Any CPU.Build.0 = Debug|Any CPU
		{0D8CE8A3-CD6C-4905-A9BD-B7AE36A7B053}.Release|Any CPU.ActiveCfg = Release|Any CPU
		{0D8CE8A3-CD6C-4905-A9BD-B7AE36A7B053}.Release|Any CPU.Build.0 = Release|Any CPU
		{EF3A8598-238B-4B29-9D77-79CD805CD0E7}.Debug|Any CPU.ActiveCfg = Debug|Any CPU
		{EF3A8598-238B-4B29-9D77-79CD805CD0E7}.Debug|Any CPU.Build.0 = Debug|Any CPU
		{EF3A8598-238B-4B29-9D77-79CD805CD0E7}.Release|Any CPU.ActiveCfg = Release|Any CPU
		{EF3A8598-238B-4B29-9D77-79CD805CD0E7}.Release|Any CPU.Build.0 = Release|Any CPU
		{0F9D2405-725F-4859-AB13-75DFAFA6BA35}.Debug|Any CPU.ActiveCfg = Debug|Any CPU
		{0F9D2405-725F-4859-AB13-75DFAFA6BA35}.Debug|Any CPU.Build.0 = Debug|Any CPU
		{0F9D2405-725F-4859-AB13-75DFAFA6BA35}.Release|Any CPU.ActiveCfg = Release|Any CPU
		{0F9D2405-725F-4859-AB13-75DFAFA6BA35}.Release|Any CPU.Build.0 = Release|Any CPU
		{F8D75CFD-FB07-4A09-97D6-0AC3871AA35A}.Debug|Any CPU.ActiveCfg = Debug|Any CPU
		{F8D75CFD-FB07-4A09-97D6-0AC3871AA35A}.Debug|Any CPU.Build.0 = Debug|Any CPU
		{F8D75CFD-FB07-4A09-97D6-0AC3871AA35A}.Release|Any CPU.ActiveCfg = Release|Any CPU
		{F8D75CFD-FB07-4A09-97D6-0AC3871AA35A}.Release|Any CPU.Build.0 = Release|Any CPU
		{D6DFD9F7-45FF-45D9-8D45-EE5259441FBF}.Debug|Any CPU.ActiveCfg = Debug|Any CPU
		{D6DFD9F7-45FF-45D9-8D45-EE5259441FBF}.Debug|Any CPU.Build.0 = Debug|Any CPU
		{D6DFD9F7-45FF-45D9-8D45-EE5259441FBF}.Release|Any CPU.ActiveCfg = Release|Any CPU
		{D6DFD9F7-45FF-45D9-8D45-EE5259441FBF}.Release|Any CPU.Build.0 = Release|Any CPU
		{D11163A6-8F20-4B74-9627-02831D1DF1B2}.Debug|Any CPU.ActiveCfg = Debug|Any CPU
		{D11163A6-8F20-4B74-9627-02831D1DF1B2}.Debug|Any CPU.Build.0 = Debug|Any CPU
		{D11163A6-8F20-4B74-9627-02831D1DF1B2}.Release|Any CPU.ActiveCfg = Release|Any CPU
		{D11163A6-8F20-4B74-9627-02831D1DF1B2}.Release|Any CPU.Build.0 = Release|Any CPU
		{EF1BB007-E326-4305-94F0-C4A589FDB08A}.Debug|Any CPU.ActiveCfg = Debug|Any CPU
		{EF1BB007-E326-4305-94F0-C4A589FDB08A}.Debug|Any CPU.Build.0 = Debug|Any CPU
		{EF1BB007-E326-4305-94F0-C4A589FDB08A}.Release|Any CPU.ActiveCfg = Release|Any CPU
		{EF1BB007-E326-4305-94F0-C4A589FDB08A}.Release|Any CPU.Build.0 = Release|Any CPU
		{8C7D37D1-F9D9-4633-B863-EAC44B9DD999}.Debug|Any CPU.ActiveCfg = Debug|Any CPU
		{8C7D37D1-F9D9-4633-B863-EAC44B9DD999}.Debug|Any CPU.Build.0 = Debug|Any CPU
		{8C7D37D1-F9D9-4633-B863-EAC44B9DD999}.Release|Any CPU.ActiveCfg = Release|Any CPU
		{8C7D37D1-F9D9-4633-B863-EAC44B9DD999}.Release|Any CPU.Build.0 = Release|Any CPU
		{91FCF1D4-91E0-41FA-A675-C3174F131104}.Debug|Any CPU.ActiveCfg = Debug|Any CPU
		{91FCF1D4-91E0-41FA-A675-C3174F131104}.Debug|Any CPU.Build.0 = Debug|Any CPU
		{91FCF1D4-91E0-41FA-A675-C3174F131104}.Release|Any CPU.ActiveCfg = Release|Any CPU
		{91FCF1D4-91E0-41FA-A675-C3174F131104}.Release|Any CPU.Build.0 = Release|Any CPU
		{51D2B194-CFFC-4905-8F06-90F1A0000DF2}.Debug|Any CPU.ActiveCfg = Debug|Any CPU
		{51D2B194-CFFC-4905-8F06-90F1A0000DF2}.Debug|Any CPU.Build.0 = Debug|Any CPU
		{51D2B194-CFFC-4905-8F06-90F1A0000DF2}.Release|Any CPU.ActiveCfg = Release|Any CPU
		{51D2B194-CFFC-4905-8F06-90F1A0000DF2}.Release|Any CPU.Build.0 = Release|Any CPU
		{F41CB0C7-B2A0-48A7-85EE-874913598A6A}.Debug|Any CPU.ActiveCfg = Debug|Any CPU
		{F41CB0C7-B2A0-48A7-85EE-874913598A6A}.Debug|Any CPU.Build.0 = Debug|Any CPU
		{F41CB0C7-B2A0-48A7-85EE-874913598A6A}.Release|Any CPU.ActiveCfg = Release|Any CPU
		{F41CB0C7-B2A0-48A7-85EE-874913598A6A}.Release|Any CPU.Build.0 = Release|Any CPU
		{3548AF21-B8CB-4C45-88B6-80FAD43EB561}.Debug|Any CPU.ActiveCfg = Debug|Any CPU
		{3548AF21-B8CB-4C45-88B6-80FAD43EB561}.Debug|Any CPU.Build.0 = Debug|Any CPU
		{3548AF21-B8CB-4C45-88B6-80FAD43EB561}.Release|Any CPU.ActiveCfg = Release|Any CPU
		{3548AF21-B8CB-4C45-88B6-80FAD43EB561}.Release|Any CPU.Build.0 = Release|Any CPU
		{5FA0C1A5-BDE5-41FB-B031-EB8285FC549B}.Debug|Any CPU.ActiveCfg = Debug|Any CPU
		{5FA0C1A5-BDE5-41FB-B031-EB8285FC549B}.Debug|Any CPU.Build.0 = Debug|Any CPU
		{5FA0C1A5-BDE5-41FB-B031-EB8285FC549B}.Release|Any CPU.ActiveCfg = Release|Any CPU
		{5FA0C1A5-BDE5-41FB-B031-EB8285FC549B}.Release|Any CPU.Build.0 = Release|Any CPU
		{3452537D-7FA0-4916-BAA9-B4985F11581E}.Debug|Any CPU.ActiveCfg = Debug|Any CPU
		{3452537D-7FA0-4916-BAA9-B4985F11581E}.Debug|Any CPU.Build.0 = Debug|Any CPU
		{3452537D-7FA0-4916-BAA9-B4985F11581E}.Release|Any CPU.ActiveCfg = Release|Any CPU
		{3452537D-7FA0-4916-BAA9-B4985F11581E}.Release|Any CPU.Build.0 = Release|Any CPU
		{526A7092-2EE6-49A6-BEEE-2C22F1E7CDCE}.Debug|Any CPU.ActiveCfg = Debug|Any CPU
		{526A7092-2EE6-49A6-BEEE-2C22F1E7CDCE}.Debug|Any CPU.Build.0 = Debug|Any CPU
		{526A7092-2EE6-49A6-BEEE-2C22F1E7CDCE}.Release|Any CPU.ActiveCfg = Release|Any CPU
		{526A7092-2EE6-49A6-BEEE-2C22F1E7CDCE}.Release|Any CPU.Build.0 = Release|Any CPU
		{82DE83B7-6A8E-4BCB-8B12-5E80E30DDBAD}.Debug|Any CPU.ActiveCfg = Debug|Any CPU
		{82DE83B7-6A8E-4BCB-8B12-5E80E30DDBAD}.Debug|Any CPU.Build.0 = Debug|Any CPU
		{82DE83B7-6A8E-4BCB-8B12-5E80E30DDBAD}.Release|Any CPU.ActiveCfg = Release|Any CPU
		{82DE83B7-6A8E-4BCB-8B12-5E80E30DDBAD}.Release|Any CPU.Build.0 = Release|Any CPU
		{31890A66-32AD-4D5F-A5A3-F9976996111C}.Debug|Any CPU.ActiveCfg = Debug|Any CPU
		{31890A66-32AD-4D5F-A5A3-F9976996111C}.Debug|Any CPU.Build.0 = Debug|Any CPU
		{31890A66-32AD-4D5F-A5A3-F9976996111C}.Release|Any CPU.ActiveCfg = Release|Any CPU
		{31890A66-32AD-4D5F-A5A3-F9976996111C}.Release|Any CPU.Build.0 = Release|Any CPU
		{032B8E55-9233-47B6-BD67-4A4ECE158039}.Debug|Any CPU.ActiveCfg = Debug|Any CPU
		{032B8E55-9233-47B6-BD67-4A4ECE158039}.Debug|Any CPU.Build.0 = Debug|Any CPU
		{032B8E55-9233-47B6-BD67-4A4ECE158039}.Release|Any CPU.ActiveCfg = Release|Any CPU
		{032B8E55-9233-47B6-BD67-4A4ECE158039}.Release|Any CPU.Build.0 = Release|Any CPU
		{85BE4C98-F377-4E78-B3EF-01C675A25DB8}.Debug|Any CPU.ActiveCfg = Debug|Any CPU
		{85BE4C98-F377-4E78-B3EF-01C675A25DB8}.Debug|Any CPU.Build.0 = Debug|Any CPU
		{85BE4C98-F377-4E78-B3EF-01C675A25DB8}.Release|Any CPU.ActiveCfg = Release|Any CPU
		{85BE4C98-F377-4E78-B3EF-01C675A25DB8}.Release|Any CPU.Build.0 = Release|Any CPU
		{5484797E-7B0E-40AC-962B-185073672E7C}.Debug|Any CPU.ActiveCfg = Debug|Any CPU
		{5484797E-7B0E-40AC-962B-185073672E7C}.Debug|Any CPU.Build.0 = Debug|Any CPU
		{5484797E-7B0E-40AC-962B-185073672E7C}.Release|Any CPU.ActiveCfg = Release|Any CPU
		{5484797E-7B0E-40AC-962B-185073672E7C}.Release|Any CPU.Build.0 = Release|Any CPU
		{D2031348-E8A6-4895-A4B8-A7F6093BE054}.Debug|Any CPU.ActiveCfg = Debug|Any CPU
		{D2031348-E8A6-4895-A4B8-A7F6093BE054}.Debug|Any CPU.Build.0 = Debug|Any CPU
		{D2031348-E8A6-4895-A4B8-A7F6093BE054}.Release|Any CPU.ActiveCfg = Release|Any CPU
		{D2031348-E8A6-4895-A4B8-A7F6093BE054}.Release|Any CPU.Build.0 = Release|Any CPU
		{087E600F-F5A4-430F-97A9-94E5F52673F8}.Debug|Any CPU.ActiveCfg = Debug|Any CPU
		{087E600F-F5A4-430F-97A9-94E5F52673F8}.Debug|Any CPU.Build.0 = Debug|Any CPU
		{087E600F-F5A4-430F-97A9-94E5F52673F8}.Release|Any CPU.ActiveCfg = Release|Any CPU
		{087E600F-F5A4-430F-97A9-94E5F52673F8}.Release|Any CPU.Build.0 = Release|Any CPU
	EndGlobalSection
	GlobalSection(SolutionProperties) = preSolution
		HideSolutionNode = FALSE
	EndGlobalSection
	GlobalSection(NestedProjects) = preSolution
		{8072DC59-F5DE-46C3-98A2-E483484B253C} = {A6598DE7-6C8A-46CE-9E33-A4540E8F82D0}
		{AAE37A5E-07FE-4CDB-B4D4-A176213FCE2B} = {A6598DE7-6C8A-46CE-9E33-A4540E8F82D0}
		{AD2B1B25-B4F5-4EAE-867E-636C58AF0F57} = {A6598DE7-6C8A-46CE-9E33-A4540E8F82D0}
		{CAA4FD23-1392-4DEE-907A-CB3DC7315A98} = {A6598DE7-6C8A-46CE-9E33-A4540E8F82D0}
		{51BAE79C-A873-4885-A39E-70D66155F78D} = {A6598DE7-6C8A-46CE-9E33-A4540E8F82D0}
		{4143C634-39F8-4143-98BA-5F20E533D7AF} = {A6598DE7-6C8A-46CE-9E33-A4540E8F82D0}
		{0D8CE8A3-CD6C-4905-A9BD-B7AE36A7B053} = {A6598DE7-6C8A-46CE-9E33-A4540E8F82D0}
		{EF3A8598-238B-4B29-9D77-79CD805CD0E7} = {A6598DE7-6C8A-46CE-9E33-A4540E8F82D0}
		{754EFFFE-0D82-49BB-9361-A3A30BD4761E} = {A6598DE7-6C8A-46CE-9E33-A4540E8F82D0}
		{0F9D2405-725F-4859-AB13-75DFAFA6BA35} = {754EFFFE-0D82-49BB-9361-A3A30BD4761E}
		{F8D75CFD-FB07-4A09-97D6-0AC3871AA35A} = {754EFFFE-0D82-49BB-9361-A3A30BD4761E}
		{D6DFD9F7-45FF-45D9-8D45-EE5259441FBF} = {A6598DE7-6C8A-46CE-9E33-A4540E8F82D0}
		{D11163A6-8F20-4B74-9627-02831D1DF1B2} = {754EFFFE-0D82-49BB-9361-A3A30BD4761E}
		{EF1BB007-E326-4305-94F0-C4A589FDB08A} = {754EFFFE-0D82-49BB-9361-A3A30BD4761E}
		{8C7D37D1-F9D9-4633-B863-EAC44B9DD999} = {754EFFFE-0D82-49BB-9361-A3A30BD4761E}
		{91FCF1D4-91E0-41FA-A675-C3174F131104} = {754EFFFE-0D82-49BB-9361-A3A30BD4761E}
		{51D2B194-CFFC-4905-8F06-90F1A0000DF2} = {A6598DE7-6C8A-46CE-9E33-A4540E8F82D0}
		{3548AF21-B8CB-4C45-88B6-80FAD43EB561} = {A6598DE7-6C8A-46CE-9E33-A4540E8F82D0}
		{5FA0C1A5-BDE5-41FB-B031-EB8285FC549B} = {754EFFFE-0D82-49BB-9361-A3A30BD4761E}
		{3452537D-7FA0-4916-BAA9-B4985F11581E} = {754EFFFE-0D82-49BB-9361-A3A30BD4761E}
		{526A7092-2EE6-49A6-BEEE-2C22F1E7CDCE} = {754EFFFE-0D82-49BB-9361-A3A30BD4761E}
		{82DE83B7-6A8E-4BCB-8B12-5E80E30DDBAD} = {754EFFFE-0D82-49BB-9361-A3A30BD4761E}
		{032B8E55-9233-47B6-BD67-4A4ECE158039} = {390FD219-6696-4F18-BFEE-8FDBBB15233A}
		{85BE4C98-F377-4E78-B3EF-01C675A25DB8} = {390FD219-6696-4F18-BFEE-8FDBBB15233A}
		{5484797E-7B0E-40AC-962B-185073672E7C} = {390FD219-6696-4F18-BFEE-8FDBBB15233A}
		{D2031348-E8A6-4895-A4B8-A7F6093BE054} = {390FD219-6696-4F18-BFEE-8FDBBB15233A}
		{087E600F-F5A4-430F-97A9-94E5F52673F8} = {390FD219-6696-4F18-BFEE-8FDBBB15233A}
	EndGlobalSection
	GlobalSection(ExtensibilityGlobals) = postSolution
		SolutionGuid = {2BF8B4D8-D64B-4380-BBDD-D8D01FF83DF0}
	EndGlobalSection
EndGlobal
